// !$*UTF8*$!
{
	archiveVersion = 1;
	classes = {
	};
	objectVersion = 46;
	objects = {

/* Begin PBXBuildFile section */
		EA57FFF51C31F1B0006F72BD /* AppDelegate.swift in Sources */ = {isa = PBXBuildFile; fileRef = EA57FFF41C31F1B0006F72BD /* AppDelegate.swift */; };
		EA57FFF71C31F1B0006F72BD /* ViewController.swift in Sources */ = {isa = PBXBuildFile; fileRef = EA57FFF61C31F1B0006F72BD /* ViewController.swift */; };
		EA57FFFA1C31F1B0006F72BD /* Main.storyboard in Resources */ = {isa = PBXBuildFile; fileRef = EA57FFF81C31F1B0006F72BD /* Main.storyboard */; };
		EA57FFFC1C31F1B0006F72BD /* Assets.xcassets in Resources */ = {isa = PBXBuildFile; fileRef = EA57FFFB1C31F1B0006F72BD /* Assets.xcassets */; };
		EA57FFFF1C31F1B0006F72BD /* LaunchScreen.storyboard in Resources */ = {isa = PBXBuildFile; fileRef = EA57FFFD1C31F1B0006F72BD /* LaunchScreen.storyboard */; };
/* End PBXBuildFile section */

/* Begin PBXFileReference section */
		EA5700001C31F1B0006F72BD /* Info.plist */ = {isa = PBXFileReference; lastKnownFileType = text.plist.xml; path = Info.plist; sourceTree = "<group>"; };
		EA57FFF11C31F1B0006F72BD /* HaikuBox.app */ = {isa = PBXFileReference; explicitFileType = wrapper.application; includeInIndex = 0; path = HaikuBox.app; sourceTree = BUILT_PRODUCTS_DIR; };
		EA57FFF41C31F1B0006F72BD /* AppDelegate.swift */ = {isa = PBXFileReference; lastKnownFileType = sourcecode.swift; path = AppDelegate.swift; sourceTree = "<group>"; };
		EA57FFF61C31F1B0006F72BD /* ViewController.swift */ = {isa = PBXFileReference; lastKnownFileType = sourcecode.swift; path = ViewController.swift; sourceTree = "<group>"; };
		EA57FFF91C31F1B0006F72BD /* Base */ = {isa = PBXFileReference; lastKnownFileType = file.storyboard; name = Base; path = Base.lproj/Main.storyboard; sourceTree = "<group>"; };
		EA57FFFB1C31F1B0006F72BD /* Assets.xcassets */ = {isa = PBXFileReference; lastKnownFileType = folder.assetcatalog; path = Assets.xcassets; sourceTree = "<group>"; };
		EA57FFFE1C31F1B0006F72BD /* Base */ = {isa = PBXFileReference; lastKnownFileType = file.storyboard; name = Base; path = Base.lproj/LaunchScreen.storyboard; sourceTree = "<group>"; };
/* End PBXFileReference section */

/* Begin PBXFrameworksBuildPhase section */
		EA57FFEE1C31F1B0006F72BD /* Frameworks */ = {
			isa = PBXFrameworksBuildPhase;
			buildActionMask = 2147483647;
			files = (
			);
			runOnlyForDeploymentPostprocessing = 0;
		};
/* End PBXFrameworksBuildPhase section */

/* Begin PBXGroup section */
		EA57FFE81C31F1B0006F72BD = {
			isa = PBXGroup;
			children = (
				EA57FFF31C31F1B0006F72BD /* HaikuBox */,
				EA57FFF21C31F1B0006F72BD /* Products */,
			);
			sourceTree = "<group>";
		};
		EA57FFF21C31F1B0006F72BD /* Products */ = {
			isa = PBXGroup;
			children = (
				EA57FFF11C31F1B0006F72BD /* HaikuBox.app */,
			);
			name = Products;
			sourceTree = "<group>";
		};
		EA57FFF31C31F1B0006F72BD /* HaikuBox */ = {
			isa = PBXGroup;
			children = (
				EA57FFF41C31F1B0006F72BD /* AppDelegate.swift */,
				EA57FFF61C31F1B0006F72BD /* ViewController.swift */,
				EA57FFF81C31F1B0006F72BD /* Main.storyboard */,
				EA57FFFB1C31F1B0006F72BD /* Assets.xcassets */,
				EA57FFFD1C31F1B0006F72BD /* LaunchScreen.storyboard */,
				EA5700001C31F1B0006F72BD /* Info.plist */,
			);
			path = HaikuBox;
			sourceTree = "<group>";
		};
/* End PBXGroup section */

/* Begin PBXNativeTarget section */
		EA57FFF01C31F1B0006F72BD /* HaikuBox */ = {
			isa = PBXNativeTarget;
			buildConfigurationList = EA5700031C31F1B0006F72BD /* Build configuration list for PBXNativeTarget "HaikuBox" */;
			buildPhases = (
				EA57FFED1C31F1B0006F72BD /* Sources */,
				EA57FFEE1C31F1B0006F72BD /* Frameworks */,
				EA57FFEF1C31F1B0006F72BD /* Resources */,
			);
			buildRules = (
			);
			dependencies = (
			);
			name = HaikuBox;
			productName = HaikuBox;
			productReference = EA57FFF11C31F1B0006F72BD /* HaikuBox.app */;
			productType = "com.apple.product-type.application";
		};
/* End PBXNativeTarget section */

/* Begin PBXProject section */
		EA57FFE91C31F1B0006F72BD /* Project object */ = {
			isa = PBXProject;
			attributes = {
				LastSwiftUpdateCheck = 0720;
				LastUpgradeCheck = 0720;
				TargetAttributes = {
					EA57FFF01C31F1B0006F72BD = {
						CreatedOnToolsVersion = 7.2;
					};
				};
			};
			buildConfigurationList = EA57FFEC1C31F1B0006F72BD /* Build configuration list for PBXProject "HaikuBox" */;
			compatibilityVersion = "Xcode 3.2";
			developmentRegion = English;
			hasScannedForEncodings = 0;
			knownRegions = (
				en,
				Base,
			);
			mainGroup = EA57FFE81C31F1B0006F72BD;
			productRefGroup = EA57FFF21C31F1B0006F72BD /* Products */;
			projectDirPath = "";
			projectRoot = "";
			targets = (
				EA57FFF01C31F1B0006F72BD /* HaikuBox */,
			);
		};
/* End PBXProject section */

/* Begin PBXResourcesBuildPhase section */
		EA57FFEF1C31F1B0006F72BD /* Resources */ = {
			isa = PBXResourcesBuildPhase;
			buildActionMask = 2147483647;
			files = (
				EA57FFFF1C31F1B0006F72BD /* LaunchScreen.storyboard in Resources */,
				EA57FFFC1C31F1B0006F72BD /* Assets.xcassets in Resources */,
				EA57FFFA1C31F1B0006F72BD /* Main.storyboard in Resources */,
			);
			runOnlyForDeploymentPostprocessing = 0;
		};
/* End PBXResourcesBuildPhase section */

/* Begin PBXSourcesBuildPhase section */
		EA57FFED1C31F1B0006F72BD /* Sources */ = {
			isa = PBXSourcesBuildPhase;
			buildActionMask = 2147483647;
			files = (
				EA57FFF71C31F1B0006F72BD /* ViewController.swift in Sources */,
				EA57FFF51C31F1B0006F72BD /* AppDelegate.swift in Sources */,
			);
			runOnlyForDeploymentPostprocessing = 0;
		};
/* End PBXSourcesBuildPhase section */

/* Begin PBXVariantGroup section */
		EA57FFF81C31F1B0006F72BD /* Main.storyboard */ = {
			isa = PBXVariantGroup;
			children = (
				EA57FFF91C31F1B0006F72BD /* Base */,
			);
			name = Main.storyboard;
			sourceTree = "<group>";
		};
		EA57FFFD1C31F1B0006F72BD /* LaunchScreen.storyboard */ = {
			isa = PBXVariantGroup;
			children = (
				EA57FFFE1C31F1B0006F72BD /* Base */,
			);
			name = LaunchScreen.storyboard;
			sourceTree = "<group>";
		};
/* End PBXVariantGroup section */

/* Begin XCBuildConfiguration section */
		EA5700011C31F1B0006F72BD /* Debug */ = {
			isa = XCBuildConfiguration;
			buildSettings = {
				ALWAYS_SEARCH_USER_PATHS = NO;
				CLANG_CXX_LANGUAGE_STANDARD = "gnu++0x";
				CLANG_CXX_LIBRARY = "libc++";
				CLANG_ENABLE_MODULES = YES;
				CLANG_ENABLE_OBJC_ARC = YES;
				CLANG_WARN_BOOL_CONVERSION = YES;
				CLANG_WARN_CONSTANT_CONVERSION = YES;
				CLANG_WARN_DIRECT_OBJC_ISA_USAGE = YES_ERROR;
				CLANG_WARN_EMPTY_BODY = YES;
				CLANG_WARN_ENUM_CONVERSION = YES;
				CLANG_WARN_INT_CONVERSION = YES;
				CLANG_WARN_OBJC_ROOT_CLASS = YES_ERROR;
				CLANG_WARN_UNREACHABLE_CODE = YES;
				CLANG_WARN__DUPLICATE_METHOD_MATCH = YES;
				"CODE_SIGN_IDENTITY[sdk=iphoneos*]" = "iPhone Developer";
				COPY_PHASE_STRIP = NO;
				DEBUG_INFORMATION_FORMAT = dwarf;
				ENABLE_STRICT_OBJC_MSGSEND = YES;
				ENABLE_TESTABILITY = YES;
				GCC_C_LANGUAGE_STANDARD = gnu99;
				GCC_DYNAMIC_NO_PIC = NO;
				GCC_NO_COMMON_BLOCKS = YES;
				GCC_OPTIMIZATION_LEVEL = 0;
				GCC_PREPROCESSOR_DEFINITIONS = (
					"DEBUG=1",
					"$(inherited)",
				);
				GCC_WARN_64_TO_32_BIT_CONVERSION = YES;
				GCC_WARN_ABOUT_RETURN_TYPE = YES_ERROR;
				GCC_WARN_UNDECLARED_SELECTOR = YES;
				GCC_WARN_UNINITIALIZED_AUTOS = YES_AGGRESSIVE;
				GCC_WARN_UNUSED_FUNCTION = YES;
				GCC_WARN_UNUSED_VARIABLE = YES;
				IPHONEOS_DEPLOYMENT_TARGET = 9.2;
				MTL_ENABLE_DEBUG_INFO = YES;
				ONLY_ACTIVE_ARCH = YES;
				SDKROOT = iphoneos;
				SWIFT_OPTIMIZATION_LEVEL = "-Onone";
				TARGETED_DEVICE_FAMILY = "1,2";
			};
			name = Debug;
		};
		EA5700021C31F1B0006F72BD /* Release */ = {
			isa = XCBuildConfiguration;
			buildSettings = {
				ALWAYS_SEARCH_USER_PATHS = NO;
				CLANG_CXX_LANGUAGE_STANDARD = "gnu++0x";
				CLANG_CXX_LIBRARY = "libc++";
				CLANG_ENABLE_MODULES = YES;
				CLANG_ENABLE_OBJC_ARC = YES;
				CLANG_WARN_BOOL_CONVERSION = YES;
				CLANG_WARN_CONSTANT_CONVERSION = YES;
				CLANG_WARN_DIRECT_OBJC_ISA_USAGE = YES_ERROR;
				CLANG_WARN_EMPTY_BODY = YES;
				CLANG_WARN_ENUM_CONVERSION = YES;
				CLANG_WARN_INT_CONVERSION = YES;
				CLANG_WARN_OBJC_ROOT_CLASS = YES_ERROR;
				CLANG_WARN_UNREACHABLE_CODE = YES;
				CLANG_WARN__DUPLICATE_METHOD_MATCH = YES;
				"CODE_SIGN_IDENTITY[sdk=iphoneos*]" = "iPhone Developer";
				COPY_PHASE_STRIP = NO;
				DEBUG_INFORMATION_FORMAT = "dwarf-with-dsym";
				ENABLE_NS_ASSERTIONS = NO;
				ENABLE_STRICT_OBJC_MSGSEND = YES;
				GCC_C_LANGUAGE_STANDARD = gnu99;
				GCC_NO_COMMON_BLOCKS = YES;
				GCC_WARN_64_TO_32_BIT_CONVERSION = YES;
				GCC_WARN_ABOUT_RETURN_TYPE = YES_ERROR;
				GCC_WARN_UNDECLARED_SELECTOR = YES;
				GCC_WARN_UNINITIALIZED_AUTOS = YES_AGGRESSIVE;
				GCC_WARN_UNUSED_FUNCTION = YES;
				GCC_WARN_UNUSED_VARIABLE = YES;
				IPHONEOS_DEPLOYMENT_TARGET = 9.2;
				MTL_ENABLE_DEBUG_INFO = NO;
				SDKROOT = iphoneos;
				TARGETED_DEVICE_FAMILY = "1,2";
				VALIDATE_PRODUCT = YES;
			};
			name = Release;
		};
		EA5700041C31F1B0006F72BD /* Debug */ = {
			isa = XCBuildConfiguration;
			buildSettings = {
				ASSETCATALOG_COMPILER_APPICON_NAME = AppIcon;
				INFOPLIST_FILE = HaikuBox/Info.plist;
				LD_RUNPATH_SEARCH_PATHS = "$(inherited) @executable_path/Frameworks";
				PRODUCT_BUNDLE_IDENTIFIER = com.example.HaikuBox;
				PRODUCT_NAME = "$(TARGET_NAME)";
			};
			name = Debug;
		};
		EA5700051C31F1B0006F72BD /* Release */ = {
			isa = XCBuildConfiguration;
			buildSettings = {
				ASSETCATALOG_COMPILER_APPICON_NAME = AppIcon;
				INFOPLIST_FILE = HaikuBox/Info.plist;
				LD_RUNPATH_SEARCH_PATHS = "$(inherited) @executable_path/Frameworks";
				PRODUCT_BUNDLE_IDENTIFIER = com.example.HaikuBox;
				PRODUCT_NAME = "$(TARGET_NAME)";
			};
			name = Release;
		};
/* End XCBuildConfiguration section */

/* Begin XCConfigurationList section */
		EA5700031C31F1B0006F72BD /* Build configuration list for PBXNativeTarget "HaikuBox" */ = {
			isa = XCConfigurationList;
			buildConfigurations = (
				EA5700041C31F1B0006F72BD /* Debug */,
				EA5700051C31F1B0006F72BD /* Release */,
			);
			defaultConfigurationIsVisible = 0;
		};
		EA57FFEC1C31F1B0006F72BD /* Build configuration list for PBXProject "HaikuBox" */ = {
			isa = XCConfigurationList;
			buildConfigurations = (
				EA5700011C31F1B0006F72BD /* Debug */,
				EA5700021C31F1B0006F72BD /* Release */,
			);
			defaultConfigurationIsVisible = 0;
			defaultConfigurationName = Release;
		};
/* End XCConfigurationList section */
	};
	rootObject = EA57FFE91C31F1B0006F72BD /* Project object */;
}
